Microsoft Visual Studio Solution File, Format Version 12.00
# Visual Studio 2012
Project("{FAE04EC0-301F-11D3-BF4B-00C04F79EFBC}") = "GodotECS", "GodotECS.csproj", "{5CCE3AEC-6A0D-4C11-9875-EE505ADB6640}"
EndProject
Global
	GlobalSection(SolutionConfigurationPlatforms) = preSolution
	Debug|Any CPU = Debug|Any CPU
	ExportDebug|Any CPU = ExportDebug|Any CPU
	ExportRelease|Any CPU = ExportRelease|Any CPU
	EndGlobalSection
	GlobalSection(ProjectConfigurationPlatforms) = postSolution
		{5CCE3AEC-6A0D-4C11-9875-EE505ADB6640}.Debug|Any CPU.ActiveCfg = Debug|Any CPU
		{5CCE3AEC-6A0D-4C11-9875-EE505ADB6640}.Debug|Any CPU.Build.0 = Debug|Any CPU
		{5CCE3AEC-6A0D-4C11-9875-EE505ADB6640}.ExportDebug|Any CPU.ActiveCfg = ExportDebug|Any CPU
		{5CCE3AEC-6A0D-4C11-9875-EE505ADB6640}.ExportDebug|Any CPU.Build.0 = ExportDebug|Any CPU
		{5CCE3AEC-6A0D-4C11-9875-EE505ADB6640}.ExportRelease|Any CPU.ActiveCfg = ExportRelease|Any CPU
		{5CCE3AEC-6A0D-4C11-9875-EE505ADB6640}.ExportRelease|Any CPU.Build.0 = ExportRelease|Any CPU
	EndGlobalSection
EndGlobal
